
Microsoft Visual Studio Solution File, Format Version 12.00
# Visual Studio Version 17
VisualStudioVersion = 17.6.33829.357
MinimumVisualStudioVersion = 10.0.40219.1
Project("{FAE04EC0-301F-11D3-BF4B-00C04F79EFBC}") = "C#HINHCHUNHAT", "C#HINHCHUNHAT.csproj", "{53E203E8-B879-4A5F-A5D7-34ABE0A71F4E}"
EndProject
Global
	GlobalSection(SolutionConfigurationPlatforms) = preSolution
		Debug|Any CPU = Debug|Any CPU
		Release|Any CPU = Release|Any CPU
	EndGlobalSection
	GlobalSection(ProjectConfigurationPlatforms) = postSolution
		{53E203E8-B879-4A5F-A5D7-34ABE0A71F4E}.Debug|Any CPU.ActiveCfg = Debug|Any CPU
		{53E203E8-B879-4A5F-A5D7-34ABE0A71F4E}.Debug|Any CPU.Build.0 = Debug|Any CPU
		{53E203E8-B879-4A5F-A5D7-34ABE0A71F4E}.Release|Any CPU.ActiveCfg = Release|Any CPU
		{53E203E8-B879-4A5F-A5D7-34ABE0A71F4E}.Release|Any CPU.Build.0 = Release|Any CPU
	EndGlobalSection
	GlobalSection(SolutionProperties) = preSolution
		HideSolutionNode = FALSE
	EndGlobalSection
	GlobalSection(ExtensibilityGlobals) = postSolution
		SolutionGuid = {DDE643C8-028E-4CF8-9D6C-661C826AFCBB}
	EndGlobalSection
EndGlobal
